
Microsoft Visual Studio Solution File, Format Version 12.00
# Visual Studio Version 17
VisualStudioVersion = 17.7.34202.233
MinimumVisualStudioVersion = 10.0.40219.1
Project("{FAE04EC0-301F-11D3-BF4B-00C04F79EFBC}") = "Vendor Application Inventory Platform", "Vendor Application Inventory Platform\Vendor Application Inventory Platform.csproj", "{3854C746-93F2-4CFB-A5C3-A5B3EA2DA7DE}"
EndProject
Global
	GlobalSection(SolutionConfigurationPlatforms) = preSolution
		Debug|Any CPU = Debug|Any CPU
		Release|Any CPU = Release|Any CPU
	EndGlobalSection
	GlobalSection(ProjectConfigurationPlatforms) = postSolution
		{3854C746-93F2-4CFB-A5C3-A5B3EA2DA7DE}.Debug|Any CPU.ActiveCfg = Debug|Any CPU
		{3854C746-93F2-4CFB-A5C3-A5B3EA2DA7DE}.Debug|Any CPU.Build.0 = Debug|Any CPU
		{3854C746-93F2-4CFB-A5C3-A5B3EA2DA7DE}.Release|Any CPU.ActiveCfg = Release|Any CPU
		{3854C746-93F2-4CFB-A5C3-A5B3EA2DA7DE}.Release|Any CPU.Build.0 = Release|Any CPU
	EndGlobalSection
	GlobalSection(SolutionProperties) = preSolution
		HideSolutionNode = FALSE
	EndGlobalSection
	GlobalSection(ExtensibilityGlobals) = postSolution
		SolutionGuid = {50252C39-0B17-46A8-8496-EADE49F2536A}
	EndGlobalSection
EndGlobal
